
Microsoft Visual Studio Solution File, Format Version 12.00
# Visual Studio 15
VisualStudioVersion = 15.0.28307.271
MinimumVisualStudioVersion = 10.0.40219.1
Project("{FAE04EC0-301F-11D3-BF4B-00C04F79EFBC}") = "BoxPacking", "BoxPacking\BoxPacking.csproj", "{1BD55BB9-3A1E-4307-9C23-D8E1B048EDDA}"
EndProject
Project("{FAE04EC0-301F-11D3-BF4B-00C04F79EFBC}") = "BoxPacking.Tests", "BoxPacking.Tests\BoxPacking.Tests.csproj", "{86C01087-3017-4ECC-9256-4285C49AD9DC}"
EndProject
Global
	GlobalSection(SolutionConfigurationPlatforms) = preSolution
		Debug|Any CPU = Debug|Any CPU
		Release|Any CPU = Release|Any CPU
	EndGlobalSection
	GlobalSection(ProjectConfigurationPlatforms) = postSolution
		{1BD55BB9-3A1E-4307-9C23-D8E1B048EDDA}.Debug|Any CPU.ActiveCfg = Debug|Any CPU
		{1BD55BB9-3A1E-4307-9C23-D8E1B048EDDA}.Debug|Any CPU.Build.0 = Debug|Any CPU
		{1BD55BB9-3A1E-4307-9C23-D8E1B048EDDA}.Release|Any CPU.ActiveCfg = Release|Any CPU
		{1BD55BB9-3A1E-4307-9C23-D8E1B048EDDA}.Release|Any CPU.Build.0 = Release|Any CPU
		{86C01087-3017-4ECC-9256-4285C49AD9DC}.Debug|Any CPU.ActiveCfg = Debug|Any CPU
		{86C01087-3017-4ECC-9256-4285C49AD9DC}.Debug|Any CPU.Build.0 = Debug|Any CPU
		{86C01087-3017-4ECC-9256-4285C49AD9DC}.Release|Any CPU.ActiveCfg = Release|Any CPU
		{86C01087-3017-4ECC-9256-4285C49AD9DC}.Release|Any CPU.Build.0 = Release|Any CPU
	EndGlobalSection
	GlobalSection(SolutionProperties) = preSolution
		HideSolutionNode = FALSE
	EndGlobalSection
	GlobalSection(ExtensibilityGlobals) = postSolution
		SolutionGuid = {9DC53CCB-E762-4C6D-BECD-FDA469E29147}
	EndGlobalSection
EndGlobal
